// !$*UTF8*$!
{
	archiveVersion = 1;
	classes = {
	};
	objectVersion = 56;
	objects = {

/* Begin PBXBuildFile section */
		FA6EFF1628DD6A3D0099A0AD /* Photo.swift in Sources */ = {isa = PBXBuildFile; fileRef = FA6EFF1528DD6A3D0099A0AD /* Photo.swift */; };
		FA6EFF1828DD6A470099A0AD /* PhotoList.swift in Sources */ = {isa = PBXBuildFile; fileRef = FA6EFF1728DD6A470099A0AD /* PhotoList.swift */; };
		FA6EFF1A28DD6D520099A0AD /* List.swift in Sources */ = {isa = PBXBuildFile; fileRef = FA6EFF1928DD6D520099A0AD /* List.swift */; };
		FA6EFF1C28DD7D980099A0AD /* SearchService.swift in Sources */ = {isa = PBXBuildFile; fileRef = FA6EFF1B28DD7D980099A0AD /* SearchService.swift */; };
		FA6EFF2028DD98080099A0AD /* PhotoCellCollectionViewCell.swift in Sources */ = {isa = PBXBuildFile; fileRef = FA6EFF1F28DD98080099A0AD /* PhotoCellCollectionViewCell.swift */; };
		FA98F05728DD452800CFA3CA /* AppDelegate.swift in Sources */ = {isa = PBXBuildFile; fileRef = FA98F05628DD452800CFA3CA /* AppDelegate.swift */; };
		FA98F05928DD452800CFA3CA /* SceneDelegate.swift in Sources */ = {isa = PBXBuildFile; fileRef = FA98F05828DD452800CFA3CA /* SceneDelegate.swift */; };
		FA98F05B28DD452800CFA3CA /* ViewController.swift in Sources */ = {isa = PBXBuildFile; fileRef = FA98F05A28DD452800CFA3CA /* ViewController.swift */; };
		FA98F05E28DD452800CFA3CA /* Main.storyboard in Resources */ = {isa = PBXBuildFile; fileRef = FA98F05C28DD452800CFA3CA /* Main.storyboard */; };
		FA98F06028DD452A00CFA3CA /* Assets.xcassets in Resources */ = {isa = PBXBuildFile; fileRef = FA98F05F28DD452A00CFA3CA /* Assets.xcassets */; };
		FA98F06328DD452A00CFA3CA /* LaunchScreen.storyboard in Resources */ = {isa = PBXBuildFile; fileRef = FA98F06128DD452A00CFA3CA /* LaunchScreen.storyboard */; };
		FA98F06B28DD457D00CFA3CA /* PhotoListViewController.swift in Sources */ = {isa = PBXBuildFile; fileRef = FA98F06A28DD457D00CFA3CA /* PhotoListViewController.swift */; };
		FA98F06D28DD45C300CFA3CA /* APIClient.swift in Sources */ = {isa = PBXBuildFile; fileRef = FA98F06C28DD45C300CFA3CA /* APIClient.swift */; };
/* End PBXBuildFile section */

/* Begin PBXFileReference section */
		FA6EFF1528DD6A3D0099A0AD /* Photo.swift */ = {isa = PBXFileReference; lastKnownFileType = sourcecode.swift; path = Photo.swift; sourceTree = "<group>"; };
		FA6EFF1728DD6A470099A0AD /* PhotoList.swift */ = {isa = PBXFileReference; lastKnownFileType = sourcecode.swift; path = PhotoList.swift; sourceTree = "<group>"; };
		FA6EFF1928DD6D520099A0AD /* List.swift */ = {isa = PBXFileReference; lastKnownFileType = sourcecode.swift; path = List.swift; sourceTree = "<group>"; };
		FA6EFF1B28DD7D980099A0AD /* SearchService.swift */ = {isa = PBXFileReference; lastKnownFileType = sourcecode.swift; path = SearchService.swift; sourceTree = "<group>"; };
		FA6EFF1F28DD98080099A0AD /* PhotoCellCollectionViewCell.swift */ = {isa = PBXFileReference; lastKnownFileType = sourcecode.swift; path = PhotoCellCollectionViewCell.swift; sourceTree = "<group>"; };
		FA98F05328DD452800CFA3CA /* Flickr.app */ = {isa = PBXFileReference; explicitFileType = wrapper.application; includeInIndex = 0; path = Flickr.app; sourceTree = BUILT_PRODUCTS_DIR; };
		FA98F05628DD452800CFA3CA /* AppDelegate.swift */ = {isa = PBXFileReference; lastKnownFileType = sourcecode.swift; path = AppDelegate.swift; sourceTree = "<group>"; };
		FA98F05828DD452800CFA3CA /* SceneDelegate.swift */ = {isa = PBXFileReference; lastKnownFileType = sourcecode.swift; path = SceneDelegate.swift; sourceTree = "<group>"; };
		FA98F05A28DD452800CFA3CA /* ViewController.swift */ = {isa = PBXFileReference; lastKnownFileType = sourcecode.swift; path = ViewController.swift; sourceTree = "<group>"; };
		FA98F05D28DD452800CFA3CA /* Base */ = {isa = PBXFileReference; lastKnownFileType = file.storyboard; name = Base; path = Base.lproj/Main.storyboard; sourceTree = "<group>"; };
		FA98F05F28DD452A00CFA3CA /* Assets.xcassets */ = {isa = PBXFileReference; lastKnownFileType = folder.assetcatalog; path = Assets.xcassets; sourceTree = "<group>"; };
		FA98F06228DD452A00CFA3CA /* Base */ = {isa = PBXFileReference; lastKnownFileType = file.storyboard; name = Base; path = Base.lproj/LaunchScreen.storyboard; sourceTree = "<group>"; };
		FA98F06428DD452A00CFA3CA /* Info.plist */ = {isa = PBXFileReference; lastKnownFileType = text.plist.xml; path = Info.plist; sourceTree = "<group>"; };
		FA98F06A28DD457D00CFA3CA /* PhotoListViewController.swift */ = {isa = PBXFileReference; lastKnownFileType = sourcecode.swift; path = PhotoListViewController.swift; sourceTree = "<group>"; };
		FA98F06C28DD45C300CFA3CA /* APIClient.swift */ = {isa = PBXFileReference; lastKnownFileType = sourcecode.swift; path = APIClient.swift; sourceTree = "<group>"; };
/* End PBXFileReference section */

/* Begin PBXFrameworksBuildPhase section */
		FA98F05028DD452800CFA3CA /* Frameworks */ = {
			isa = PBXFrameworksBuildPhase;
			buildActionMask = 2147483647;
			files = (
			);
			runOnlyForDeploymentPostprocessing = 0;
		};
/* End PBXFrameworksBuildPhase section */

/* Begin PBXGroup section */
		FA98F04A28DD452800CFA3CA = {
			isa = PBXGroup;
			children = (
				FA98F05528DD452800CFA3CA /* Flickr */,
				FA98F05428DD452800CFA3CA /* Products */,
			);
			sourceTree = "<group>";
		};
		FA98F05428DD452800CFA3CA /* Products */ = {
			isa = PBXGroup;
			children = (
				FA98F05328DD452800CFA3CA /* Flickr.app */,
			);
			name = Products;
			sourceTree = "<group>";
		};
		FA98F05528DD452800CFA3CA /* Flickr */ = {
			isa = PBXGroup;
			children = (
				FA98F06428DD452A00CFA3CA /* Info.plist */,
				FA98F06C28DD45C300CFA3CA /* APIClient.swift */,
				FA98F05628DD452800CFA3CA /* AppDelegate.swift */,
				FA6EFF1928DD6D520099A0AD /* List.swift */,
				FA6EFF1528DD6A3D0099A0AD /* Photo.swift */,
				FA6EFF1F28DD98080099A0AD /* PhotoCellCollectionViewCell.swift */,
				FA6EFF1728DD6A470099A0AD /* PhotoList.swift */,
				FA98F06A28DD457D00CFA3CA /* PhotoListViewController.swift */,
				FA98F05828DD452800CFA3CA /* SceneDelegate.swift */,
				FA6EFF1B28DD7D980099A0AD /* SearchService.swift */,
				FA98F05A28DD452800CFA3CA /* ViewController.swift */,
				FA98F05F28DD452A00CFA3CA /* Assets.xcassets */,
				FA98F06128DD452A00CFA3CA /* LaunchScreen.storyboard */,
				FA98F05C28DD452800CFA3CA /* Main.storyboard */,
			);
			path = Flickr;
			sourceTree = "<group>";
		};
/* End PBXGroup section */

/* Begin PBXNativeTarget section */
		FA98F05228DD452800CFA3CA /* Flickr */ = {
			isa = PBXNativeTarget;
			buildConfigurationList = FA98F06728DD452A00CFA3CA /* Build configuration list for PBXNativeTarget "Flickr" */;
			buildPhases = (
				FA98F04F28DD452800CFA3CA /* Sources */,
				FA98F05028DD452800CFA3CA /* Frameworks */,
				FA98F05128DD452800CFA3CA /* Resources */,
			);
			buildRules = (
			);
			dependencies = (
			);
			name = Flickr;
			productName = Flickr;
			productReference = FA98F05328DD452800CFA3CA /* Flickr.app */;
			productType = "com.apple.product-type.application";
		};
/* End PBXNativeTarget section */

/* Begin PBXProject section */
		FA98F04B28DD452800CFA3CA /* Project object */ = {
			isa = PBXProject;
			attributes = {
				BuildIndependentTargetsInParallel = 1;
				LastSwiftUpdateCheck = 1400;
				LastUpgradeCheck = 1400;
				TargetAttributes = {
					FA98F05228DD452800CFA3CA = {
						CreatedOnToolsVersion = 14.0;
					};
				};
			};
			buildConfigurationList = FA98F04E28DD452800CFA3CA /* Build configuration list for PBXProject "Flickr" */;
			compatibilityVersion = "Xcode 14.0";
			developmentRegion = en;
			hasScannedForEncodings = 0;
			knownRegions = (
				en,
				Base,
			);
			mainGroup = FA98F04A28DD452800CFA3CA;
			productRefGroup = FA98F05428DD452800CFA3CA /* Products */;
			projectDirPath = "";
			projectRoot = "";
			targets = (
				FA98F05228DD452800CFA3CA /* Flickr */,
			);
		};
/* End PBXProject section */

/* Begin PBXResourcesBuildPhase section */
		FA98F05128DD452800CFA3CA /* Resources */ = {
			isa = PBXResourcesBuildPhase;
			buildActionMask = 2147483647;
			files = (
				FA98F06328DD452A00CFA3CA /* LaunchScreen.storyboard in Resources */,
				FA98F06028DD452A00CFA3CA /* Assets.xcassets in Resources */,
				FA98F05E28DD452800CFA3CA /* Main.storyboard in Resources */,
			);
			runOnlyForDeploymentPostprocessing = 0;
		};
/* End PBXResourcesBuildPhase section */

/* Begin PBXSourcesBuildPhase section */
		FA98F04F28DD452800CFA3CA /* Sources */ = {
			isa = PBXSourcesBuildPhase;
			buildActionMask = 2147483647;
			files = (
				FA6EFF1C28DD7D980099A0AD /* SearchService.swift in Sources */,
				FA6EFF1628DD6A3D0099A0AD /* Photo.swift in Sources */,
				FA6EFF1A28DD6D520099A0AD /* List.swift in Sources */,
				FA98F05B28DD452800CFA3CA /* ViewController.swift in Sources */,
				FA98F06B28DD457D00CFA3CA /* PhotoListViewController.swift in Sources */,
				FA98F05728DD452800CFA3CA /* AppDelegate.swift in Sources */,
				FA98F06D28DD45C300CFA3CA /* APIClient.swift in Sources */,
				FA98F05928DD452800CFA3CA /* SceneDelegate.swift in Sources */,
				FA6EFF1828DD6A470099A0AD /* PhotoList.swift in Sources */,
				FA6EFF2028DD98080099A0AD /* PhotoCellCollectionViewCell.swift in Sources */,
			);
			runOnlyForDeploymentPostprocessing = 0;
		};
/* End PBXSourcesBuildPhase section */

/* Begin PBXVariantGroup section */
		FA98F05C28DD452800CFA3CA /* Main.storyboard */ = {
			isa = PBXVariantGroup;
			children = (
				FA98F05D28DD452800CFA3CA /* Base */,
			);
			name = Main.storyboard;
			sourceTree = "<group>";
		};
		FA98F06128DD452A00CFA3CA /* LaunchScreen.storyboard */ = {
			isa = PBXVariantGroup;
			children = (
				FA98F06228DD452A00CFA3CA /* Base */,
			);
			name = LaunchScreen.storyboard;
			sourceTree = "<group>";
		};
/* End PBXVariantGroup section */

/* Begin XCBuildConfiguration section */
		FA98F06528DD452A00CFA3CA /* Debug */ = {
			isa = XCBuildConfiguration;
			buildSettings = {
				ALWAYS_SEARCH_USER_PATHS = NO;
				CLANG_ANALYZER_NONNULL = YES;
				CLANG_ANALYZER_NUMBER_OBJECT_CONVERSION = YES_AGGRESSIVE;
				CLANG_CXX_LANGUAGE_STANDARD = "gnu++20";
				CLANG_ENABLE_MODULES = YES;
				CLANG_ENABLE_OBJC_ARC = YES;
				CLANG_ENABLE_OBJC_WEAK = YES;
				CLANG_WARN_BLOCK_CAPTURE_AUTORELEASING = YES;
				CLANG_WARN_BOOL_CONVERSION = YES;
				CLANG_WARN_COMMA = YES;
				CLANG_WARN_CONSTANT_CONVERSION = YES;
				CLANG_WARN_DEPRECATED_OBJC_IMPLEMENTATIONS = YES;
				CLANG_WARN_DIRECT_OBJC_ISA_USAGE = YES_ERROR;
				CLANG_WARN_DOCUMENTATION_COMMENTS = YES;
				CLANG_WARN_EMPTY_BODY = YES;
				CLANG_WARN_ENUM_CONVERSION = YES;
				CLANG_WARN_INFINITE_RECURSION = YES;
				CLANG_WARN_INT_CONVERSION = YES;
				CLANG_WARN_NON_LITERAL_NULL_CONVERSION = YES;
				CLANG_WARN_OBJC_IMPLICIT_RETAIN_SELF = YES;
				CLANG_WARN_OBJC_LITERAL_CONVERSION = YES;
				CLANG_WARN_OBJC_ROOT_CLASS = YES_ERROR;
				CLANG_WARN_QUOTED_INCLUDE_IN_FRAMEWORK_HEADER = YES;
				CLANG_WARN_RANGE_LOOP_ANALYSIS = YES;
				CLANG_WARN_STRICT_PROTOTYPES = YES;
				CLANG_WARN_SUSPICIOUS_MOVE = YES;
				CLANG_WARN_UNGUARDED_AVAILABILITY = YES_AGGRESSIVE;
				CLANG_WARN_UNREACHABLE_CODE = YES;
				CLANG_WARN__DUPLICATE_METHOD_MATCH = YES;
				COPY_PHASE_STRIP = NO;
				DEBUG_INFORMATION_FORMAT = dwarf;
				ENABLE_STRICT_OBJC_MSGSEND = YES;
				ENABLE_TESTABILITY = YES;
				GCC_C_LANGUAGE_STANDARD = gnu11;
				GCC_DYNAMIC_NO_PIC = NO;
				GCC_NO_COMMON_BLOCKS = YES;
				GCC_OPTIMIZATION_LEVEL = 0;
				GCC_PREPROCESSOR_DEFINITIONS = (
					"DEBUG=1",
					"$(inherited)",
				);
				GCC_WARN_64_TO_32_BIT_CONVERSION = YES;
				GCC_WARN_ABOUT_RETURN_TYPE = YES_ERROR;
				GCC_WARN_UNDECLARED_SELECTOR = YES;
				GCC_WARN_UNINITIALIZED_AUTOS = YES_AGGRESSIVE;
				GCC_WARN_UNUSED_FUNCTION = YES;
				GCC_WARN_UNUSED_VARIABLE = YES;
				IPHONEOS_DEPLOYMENT_TARGET = 16.0;
				MTL_ENABLE_DEBUG_INFO = INCLUDE_SOURCE;
				MTL_FAST_MATH = YES;
				ONLY_ACTIVE_ARCH = YES;
				SDKROOT = iphoneos;
				SWIFT_ACTIVE_COMPILATION_CONDITIONS = DEBUG;
				SWIFT_OPTIMIZATION_LEVEL = "-Onone";
			};
			name = Debug;
		};
		FA98F06628DD452A00CFA3CA /* Release */ = {
			isa = XCBuildConfiguration;
			buildSettings = {
				ALWAYS_SEARCH_USER_PATHS = NO;
				CLANG_ANALYZER_NONNULL = YES;
				CLANG_ANALYZER_NUMBER_OBJECT_CONVERSION = YES_AGGRESSIVE;
				CLANG_CXX_LANGUAGE_STANDARD = "gnu++20";
				CLANG_ENABLE_MODULES = YES;
				CLANG_ENABLE_OBJC_ARC = YES;
				CLANG_ENABLE_OBJC_WEAK = YES;
				CLANG_WARN_BLOCK_CAPTURE_AUTORELEASING = YES;
				CLANG_WARN_BOOL_CONVERSION = YES;
				CLANG_WARN_COMMA = YES;
				CLANG_WARN_CONSTANT_CONVERSION = YES;
				CLANG_WARN_DEPRECATED_OBJC_IMPLEMENTATIONS = YES;
				CLANG_WARN_DIRECT_OBJC_ISA_USAGE = YES_ERROR;
				CLANG_WARN_DOCUMENTATION_COMMENTS = YES;
				CLANG_WARN_EMPTY_BODY = YES;
				CLANG_WARN_ENUM_CONVERSION = YES;
				CLANG_WARN_INFINITE_RECURSION = YES;
				CLANG_WARN_INT_CONVERSION = YES;
				CLANG_WARN_NON_LITERAL_NULL_CONVERSION = YES;
				CLANG_WARN_OBJC_IMPLICIT_RETAIN_SELF = YES;
				CLANG_WARN_OBJC_LITERAL_CONVERSION = YES;
				CLANG_WARN_OBJC_ROOT_CLASS = YES_ERROR;
				CLANG_WARN_QUOTED_INCLUDE_IN_FRAMEWORK_HEADER = YES;
				CLANG_WARN_RANGE_LOOP_ANALYSIS = YES;
				CLANG_WARN_STRICT_PROTOTYPES = YES;
				CLANG_WARN_SUSPICIOUS_MOVE = YES;
				CLANG_WARN_UNGUARDED_AVAILABILITY = YES_AGGRESSIVE;
				CLANG_WARN_UNREACHABLE_CODE = YES;
				CLANG_WARN__DUPLICATE_METHOD_MATCH = YES;
				COPY_PHASE_STRIP = NO;
				DEBUG_INFORMATION_FORMAT = "dwarf-with-dsym";
				ENABLE_NS_ASSERTIONS = NO;
				ENABLE_STRICT_OBJC_MSGSEND = YES;
				GCC_C_LANGUAGE_STANDARD = gnu11;
				GCC_NO_COMMON_BLOCKS = YES;
				GCC_WARN_64_TO_32_BIT_CONVERSION = YES;
				GCC_WARN_ABOUT_RETURN_TYPE = YES_ERROR;
				GCC_WARN_UNDECLARED_SELECTOR = YES;
				GCC_WARN_UNINITIALIZED_AUTOS = YES_AGGRESSIVE;
				GCC_WARN_UNUSED_FUNCTION = YES;
				GCC_WARN_UNUSED_VARIABLE = YES;
				IPHONEOS_DEPLOYMENT_TARGET = 16.0;
				MTL_ENABLE_DEBUG_INFO = NO;
				MTL_FAST_MATH = YES;
				SDKROOT = iphoneos;
				SWIFT_COMPILATION_MODE = wholemodule;
				SWIFT_OPTIMIZATION_LEVEL = "-O";
				VALIDATE_PRODUCT = YES;
			};
			name = Release;
		};
		FA98F06828DD452A00CFA3CA /* Debug */ = {
			isa = XCBuildConfiguration;
			buildSettings = {
				ASSETCATALOG_COMPILER_APPICON_NAME = AppIcon;
				ASSETCATALOG_COMPILER_GLOBAL_ACCENT_COLOR_NAME = AccentColor;
				CODE_SIGN_STYLE = Automatic;
				CURRENT_PROJECT_VERSION = 1;
				GENERATE_INFOPLIST_FILE = YES;
				INFOPLIST_FILE = Flickr/Info.plist;
				INFOPLIST_KEY_UIApplicationSupportsIndirectInputEvents = YES;
				INFOPLIST_KEY_UILaunchStoryboardName = LaunchScreen;
				INFOPLIST_KEY_UIMainStoryboardFile = Main;
				INFOPLIST_KEY_UISupportedInterfaceOrientations_iPad = "UIInterfaceOrientationPortrait UIInterfaceOrientationPortraitUpsideDown UIInterfaceOrientationLandscapeLeft UIInterfaceOrientationLandscapeRight";
				INFOPLIST_KEY_UISupportedInterfaceOrientations_iPhone = "UIInterfaceOrientationPortrait UIInterfaceOrientationLandscapeLeft UIInterfaceOrientationLandscapeRight";
				LD_RUNPATH_SEARCH_PATHS = (
					"$(inherited)",
					"@executable_path/Frameworks",
				);
				MARKETING_VERSION = 1.0;
				PRODUCT_BUNDLE_IDENTIFIER = Jd.Flickr;
				PRODUCT_NAME = "$(TARGET_NAME)";
				SWIFT_EMIT_LOC_STRINGS = YES;
				SWIFT_VERSION = 5.0;
				TARGETED_DEVICE_FAMILY = "1,2";
			};
			name = Debug;
		};
		FA98F06928DD452A00CFA3CA /* Release */ = {
			isa = XCBuildConfiguration;
			buildSettings = {
				ASSETCATALOG_COMPILER_APPICON_NAME = AppIcon;
				ASSETCATALOG_COMPILER_GLOBAL_ACCENT_COLOR_NAME = AccentColor;
				CODE_SIGN_STYLE = Automatic;
				CURRENT_PROJECT_VERSION = 1;
				GENERATE_INFOPLIST_FILE = YES;
				INFOPLIST_FILE = Flickr/Info.plist;
				INFOPLIST_KEY_UIApplicationSupportsIndirectInputEvents = YES;
				INFOPLIST_KEY_UILaunchStoryboardName = LaunchScreen;
				INFOPLIST_KEY_UIMainStoryboardFile = Main;
				INFOPLIST_KEY_UISupportedInterfaceOrientations_iPad = "UIInterfaceOrientationPortrait UIInterfaceOrientationPortraitUpsideDown UIInterfaceOrientationLandscapeLeft UIInterfaceOrientationLandscapeRight";
				INFOPLIST_KEY_UISupportedInterfaceOrientations_iPhone = "UIInterfaceOrientationPortrait UIInterfaceOrientationLandscapeLeft UIInterfaceOrientationLandscapeRight";
				LD_RUNPATH_SEARCH_PATHS = (
					"$(inherited)",
					"@executable_path/Frameworks",
				);
				MARKETING_VERSION = 1.0;
				PRODUCT_BUNDLE_IDENTIFIER = Jd.Flickr;
				PRODUCT_NAME = "$(TARGET_NAME)";
				SWIFT_EMIT_LOC_STRINGS = YES;
				SWIFT_VERSION = 5.0;
				TARGETED_DEVICE_FAMILY = "1,2";
			};
			name = Release;
		};
/* End XCBuildConfiguration section */

/* Begin XCConfigurationList section */
		FA98F04E28DD452800CFA3CA /* Build configuration list for PBXProject "Flickr" */ = {
			isa = XCConfigurationList;
			buildConfigurations = (
				FA98F06528DD452A00CFA3CA /* Debug */,
				FA98F06628DD452A00CFA3CA /* Release */,
			);
			defaultConfigurationIsVisible = 0;
			defaultConfigurationName = Release;
		};
		FA98F06728DD452A00CFA3CA /* Build configuration list for PBXNativeTarget "Flickr" */ = {
			isa = XCConfigurationList;
			buildConfigurations = (
				FA98F06828DD452A00CFA3CA /* Debug */,
				FA98F06928DD452A00CFA3CA /* Release */,
			);
			defaultConfigurationIsVisible = 0;
			defaultConfigurationName = Release;
		};
/* End XCConfigurationList section */
	};
	rootObject = FA98F04B28DD452800CFA3CA /* Project object */;
}
